Microsoft Visual Studio Solution File, Format Version 12.00
# Visual Studio Version 17
VisualStudioVersion = 17.5.2.0
MinimumVisualStudioVersion = 10.0.40219.1
Project("{2150E333-8FDC-42A3-9474-1A3956D46DE8}") = "apps", "apps", "{1787FE1D-075E-9E68-7218-25F1BD1BBEAB}"
EndProject
Project("{2150E333-8FDC-42A3-9474-1A3956D46DE8}") = "console", "console", "{81FBF56D-0A2C-36AD-37AC-BFFCCF210449}"
EndProject
Project("{FAE04EC0-301F-11D3-BF4B-00C04F79EFBC}") = "ServiceBusHelper", "apps\console\ServiceBusHelper\ServiceBusHelper.csproj", "{503A1C55-5DD8-B4EF-915F-B4A65A64445C}"
EndProject
Global
	GlobalSection(SolutionConfigurationPlatforms) = preSolution
		Debug|Any CPU = Debug|Any CPU
		Release|Any CPU = Release|Any CPU
	EndGlobalSection
	GlobalSection(ProjectConfigurationPlatforms) = postSolution
		{503A1C55-5DD8-B4EF-915F-B4A65A64445C}.Debug|Any CPU.ActiveCfg = Debug|Any CPU
		{503A1C55-5DD8-B4EF-915F-B4A65A64445C}.Debug|Any CPU.Build.0 = Debug|Any CPU
		{503A1C55-5DD8-B4EF-915F-B4A65A64445C}.Release|Any CPU.ActiveCfg = Release|Any CPU
		{503A1C55-5DD8-B4EF-915F-B4A65A64445C}.Release|Any CPU.Build.0 = Release|Any CPU
	EndGlobalSection
	GlobalSection(SolutionProperties) = preSolution
		HideSolutionNode = FALSE
	EndGlobalSection
	GlobalSection(NestedProjects) = preSolution
		{81FBF56D-0A2C-36AD-37AC-BFFCCF210449} = {1787FE1D-075E-9E68-7218-25F1BD1BBEAB}
		{503A1C55-5DD8-B4EF-915F-B4A65A64445C} = {81FBF56D-0A2C-36AD-37AC-BFFCCF210449}
	EndGlobalSection
	GlobalSection(ExtensibilityGlobals) = postSolution
		SolutionGuid = {14B724D5-C1BD-4A77-A5D8-9E1A2219DA4B}
	EndGlobalSection
EndGlobal
